
Microsoft Visual Studio Solution File, Format Version 12.00
# Visual Studio Version 17
VisualStudioVersion = 17.1.32210.238
MinimumVisualStudioVersion = 10.0.40219.1
Project("{FAE04EC0-301F-11D3-BF4B-00C04F79EFBC}") = "BlazorApp7.Server", "Server\BlazorApp7.Server.csproj", "{6023A29F-178C-4C7F-A384-667E31DD9D4E}"
EndProject
Project("{FAE04EC0-301F-11D3-BF4B-00C04F79EFBC}") = "BlazorApp7.Client", "Client\BlazorApp7.Client.csproj", "{3CB2E9F2-9B84-4B7B-B891-3DA858A385DD}"
EndProject
Project("{FAE04EC0-301F-11D3-BF4B-00C04F79EFBC}") = "BlazorApp7.Shared", "Shared\BlazorApp7.Shared.csproj", "{3FA0A8B5-509B-49DA-8FDD-A507129D6D39}"
EndProject
Global
	GlobalSection(SolutionConfigurationPlatforms) = preSolution
		Debug|Any CPU = Debug|Any CPU
		Release|Any CPU = Release|Any CPU
	EndGlobalSection
	GlobalSection(ProjectConfigurationPlatforms) = postSolution
		{6023A29F-178C-4C7F-A384-667E31DD9D4E}.Debug|Any CPU.ActiveCfg = Debug|Any CPU
		{6023A29F-178C-4C7F-A384-667E31DD9D4E}.Debug|Any CPU.Build.0 = Debug|Any CPU
		{6023A29F-178C-4C7F-A384-667E31DD9D4E}.Release|Any CPU.ActiveCfg = Release|Any CPU
		{6023A29F-178C-4C7F-A384-667E31DD9D4E}.Release|Any CPU.Build.0 = Release|Any CPU
		{3CB2E9F2-9B84-4B7B-B891-3DA858A385DD}.Debug|Any CPU.ActiveCfg = Debug|Any CPU
		{3CB2E9F2-9B84-4B7B-B891-3DA858A385DD}.Debug|Any CPU.Build.0 = Debug|Any CPU
		{3CB2E9F2-9B84-4B7B-B891-3DA858A385DD}.Release|Any CPU.ActiveCfg = Release|Any CPU
		{3CB2E9F2-9B84-4B7B-B891-3DA858A385DD}.Release|Any CPU.Build.0 = Release|Any CPU
		{3FA0A8B5-509B-49DA-8FDD-A507129D6D39}.Debug|Any CPU.ActiveCfg = Debug|Any CPU
		{3FA0A8B5-509B-49DA-8FDD-A507129D6D39}.Debug|Any CPU.Build.0 = Debug|Any CPU
		{3FA0A8B5-509B-49DA-8FDD-A507129D6D39}.Release|Any CPU.ActiveCfg = Release|Any CPU
		{3FA0A8B5-509B-49DA-8FDD-A507129D6D39}.Release|Any CPU.Build.0 = Release|Any CPU
	EndGlobalSection
	GlobalSection(SolutionProperties) = preSolution
		HideSolutionNode = FALSE
	EndGlobalSection
	GlobalSection(ExtensibilityGlobals) = postSolution
		SolutionGuid = {EC7E1BFE-DB21-4395-A5FA-F7787F9F085F}
	EndGlobalSection
EndGlobal
